
Microsoft Visual Studio Solution File, Format Version 12.00
# Visual Studio Version 17
VisualStudioVersion = 17.9.34723.18
MinimumVisualStudioVersion = 10.0.40219.1
Project("{9A19103F-16F7-4668-BE54-9A1E7A4F7556}") = "FullProject", "FullProject.csproj", "{45A0FCCB-C530-4922-8A02-64653A4D336F}"
EndProject
Project("{9A19103F-16F7-4668-BE54-9A1E7A4F7556}") = "Core", "..\Core\Core.csproj", "{632E827F-5A58-4FB2-B150-FDCE3D5BA1CD}"
EndProject
Project("{FAE04EC0-301F-11D3-BF4B-00C04F79EFBC}") = "WebAPI", "..\WebAPI\WebAPI.csproj", "{121AFEDB-8558-461D-A4DB-758F4B6B4388}"
EndProject
Global
	GlobalSection(SolutionConfigurationPlatforms) = preSolution
		Debug|Any CPU = Debug|Any CPU
		Release|Any CPU = Release|Any CPU
	EndGlobalSection
	GlobalSection(ProjectConfigurationPlatforms) = postSolution
		{45A0FCCB-C530-4922-8A02-64653A4D336F}.Debug|Any CPU.ActiveCfg = Debug|Any CPU
		{45A0FCCB-C530-4922-8A02-64653A4D336F}.Debug|Any CPU.Build.0 = Debug|Any CPU
		{45A0FCCB-C530-4922-8A02-64653A4D336F}.Release|Any CPU.ActiveCfg = Release|Any CPU
		{45A0FCCB-C530-4922-8A02-64653A4D336F}.Release|Any CPU.Build.0 = Release|Any CPU
		{632E827F-5A58-4FB2-B150-FDCE3D5BA1CD}.Debug|Any CPU.ActiveCfg = Debug|Any CPU
		{632E827F-5A58-4FB2-B150-FDCE3D5BA1CD}.Debug|Any CPU.Build.0 = Debug|Any CPU
		{632E827F-5A58-4FB2-B150-FDCE3D5BA1CD}.Release|Any CPU.ActiveCfg = Release|Any CPU
		{632E827F-5A58-4FB2-B150-FDCE3D5BA1CD}.Release|Any CPU.Build.0 = Release|Any CPU
		{121AFEDB-8558-461D-A4DB-758F4B6B4388}.Debug|Any CPU.ActiveCfg = Debug|Any CPU
		{121AFEDB-8558-461D-A4DB-758F4B6B4388}.Debug|Any CPU.Build.0 = Debug|Any CPU
		{121AFEDB-8558-461D-A4DB-758F4B6B4388}.Release|Any CPU.ActiveCfg = Release|Any CPU
		{121AFEDB-8558-461D-A4DB-758F4B6B4388}.Release|Any CPU.Build.0 = Release|Any CPU
	EndGlobalSection
	GlobalSection(SolutionProperties) = preSolution
		HideSolutionNode = FALSE
	EndGlobalSection
	GlobalSection(ExtensibilityGlobals) = postSolution
		SolutionGuid = {FD9F89A1-1C9D-4644-929B-7685798829B5}
	EndGlobalSection
EndGlobal
